
Microsoft Visual Studio Solution File, Format Version 12.00
# Visual Studio Version 17
VisualStudioVersion = 17.7.34024.191
MinimumVisualStudioVersion = 10.0.40219.1
Project("{FAE04EC0-301F-11D3-BF4B-00C04F79EFBC}") = "kopapirollo", "kopapirollo\kopapirollo.csproj", "{3EA1600E-E648-4032-B490-6C54019F83EF}"
EndProject
Global
	GlobalSection(SolutionConfigurationPlatforms) = preSolution
		Debug|Any CPU = Debug|Any CPU
		Release|Any CPU = Release|Any CPU
	EndGlobalSection
	GlobalSection(ProjectConfigurationPlatforms) = postSolution
		{3EA1600E-E648-4032-B490-6C54019F83EF}.Debug|Any CPU.ActiveCfg = Debug|Any CPU
		{3EA1600E-E648-4032-B490-6C54019F83EF}.Debug|Any CPU.Build.0 = Debug|Any CPU
		{3EA1600E-E648-4032-B490-6C54019F83EF}.Release|Any CPU.ActiveCfg = Release|Any CPU
		{3EA1600E-E648-4032-B490-6C54019F83EF}.Release|Any CPU.Build.0 = Release|Any CPU
	EndGlobalSection
	GlobalSection(SolutionProperties) = preSolution
		HideSolutionNode = FALSE
	EndGlobalSection
	GlobalSection(ExtensibilityGlobals) = postSolution
		SolutionGuid = {4197A59C-5E55-428A-B751-39427730FAFB}
	EndGlobalSection
EndGlobal
