
Microsoft Visual Studio Solution File, Format Version 12.00
# Visual Studio Version 17
VisualStudioVersion = 17.7.34024.191
MinimumVisualStudioVersion = 10.0.40219.1
Project("{FAE04EC0-301F-11D3-BF4B-00C04F79EFBC}") = "dolgozat megodas", "dolgozat megodas\dolgozat megodas.csproj", "{F529B454-6412-4837-8096-3418C0D5D6D2}"
EndProject
Global
	GlobalSection(SolutionConfigurationPlatforms) = preSolution
		Debug|Any CPU = Debug|Any CPU
		Release|Any CPU = Release|Any CPU
	EndGlobalSection
	GlobalSection(ProjectConfigurationPlatforms) = postSolution
		{F529B454-6412-4837-8096-3418C0D5D6D2}.Debug|Any CPU.ActiveCfg = Debug|Any CPU
		{F529B454-6412-4837-8096-3418C0D5D6D2}.Debug|Any CPU.Build.0 = Debug|Any CPU
		{F529B454-6412-4837-8096-3418C0D5D6D2}.Release|Any CPU.ActiveCfg = Release|Any CPU
		{F529B454-6412-4837-8096-3418C0D5D6D2}.Release|Any CPU.Build.0 = Release|Any CPU
	EndGlobalSection
	GlobalSection(SolutionProperties) = preSolution
		HideSolutionNode = FALSE
	EndGlobalSection
	GlobalSection(ExtensibilityGlobals) = postSolution
		SolutionGuid = {21934E24-2C60-40D2-87F2-174A5395ED44}
	EndGlobalSection
EndGlobal
