
Microsoft Visual Studio Solution File, Format Version 12.00
# Visual Studio Version 17
VisualStudioVersion = 17.7.34024.191
MinimumVisualStudioVersion = 10.0.40219.1
Project("{FAE04EC0-301F-11D3-BF4B-00C04F79EFBC}") = "OOP1", "OOP1\OOP1.csproj", "{F520845F-CE4A-40D8-9CB1-DBCF7990939D}"
EndProject
Global
	GlobalSection(SolutionConfigurationPlatforms) = preSolution
		Debug|Any CPU = Debug|Any CPU
		Release|Any CPU = Release|Any CPU
	EndGlobalSection
	GlobalSection(ProjectConfigurationPlatforms) = postSolution
		{F520845F-CE4A-40D8-9CB1-DBCF7990939D}.Debug|Any CPU.ActiveCfg = Debug|Any CPU
		{F520845F-CE4A-40D8-9CB1-DBCF7990939D}.Debug|Any CPU.Build.0 = Debug|Any CPU
		{F520845F-CE4A-40D8-9CB1-DBCF7990939D}.Release|Any CPU.ActiveCfg = Release|Any CPU
		{F520845F-CE4A-40D8-9CB1-DBCF7990939D}.Release|Any CPU.Build.0 = Release|Any CPU
	EndGlobalSection
	GlobalSection(SolutionProperties) = preSolution
		HideSolutionNode = FALSE
	EndGlobalSection
	GlobalSection(ExtensibilityGlobals) = postSolution
		SolutionGuid = {B592B8BC-FE27-4ED8-BAC0-ADCBEB8132A0}
	EndGlobalSection
EndGlobal
