
Microsoft Visual Studio Solution File, Format Version 12.00
# Visual Studio Version 17
VisualStudioVersion = 17.7.34031.279
MinimumVisualStudioVersion = 10.0.40219.1
Project("{FAE04EC0-301F-11D3-BF4B-00C04F79EFBC}") = "gyak3", "gyak3\gyak3.csproj", "{0523816A-DC2B-417A-95DE-C0DEEDF1B944}"
EndProject
Global
	GlobalSection(SolutionConfigurationPlatforms) = preSolution
		Debug|Any CPU = Debug|Any CPU
		Release|Any CPU = Release|Any CPU
	EndGlobalSection
	GlobalSection(ProjectConfigurationPlatforms) = postSolution
		{0523816A-DC2B-417A-95DE-C0DEEDF1B944}.Debug|Any CPU.ActiveCfg = Debug|Any CPU
		{0523816A-DC2B-417A-95DE-C0DEEDF1B944}.Debug|Any CPU.Build.0 = Debug|Any CPU
		{0523816A-DC2B-417A-95DE-C0DEEDF1B944}.Release|Any CPU.ActiveCfg = Release|Any CPU
		{0523816A-DC2B-417A-95DE-C0DEEDF1B944}.Release|Any CPU.Build.0 = Release|Any CPU
	EndGlobalSection
	GlobalSection(SolutionProperties) = preSolution
		HideSolutionNode = FALSE
	EndGlobalSection
	GlobalSection(ExtensibilityGlobals) = postSolution
		SolutionGuid = {07888D46-1A15-4A76-9A5A-B11ED108449A}
	EndGlobalSection
EndGlobal
