
Microsoft Visual Studio Solution File, Format Version 12.00
# Visual Studio Version 17
VisualStudioVersion = 17.7.34024.191
MinimumVisualStudioVersion = 10.0.40219.1
Project("{FAE04EC0-301F-11D3-BF4B-00C04F79EFBC}") = "urlap", "urlap\urlap.csproj", "{B4240979-3EF5-45DC-855D-632193098CBD}"
EndProject
Global
	GlobalSection(SolutionConfigurationPlatforms) = preSolution
		Debug|Any CPU = Debug|Any CPU
		Release|Any CPU = Release|Any CPU
	EndGlobalSection
	GlobalSection(ProjectConfigurationPlatforms) = postSolution
		{B4240979-3EF5-45DC-855D-632193098CBD}.Debug|Any CPU.ActiveCfg = Debug|Any CPU
		{B4240979-3EF5-45DC-855D-632193098CBD}.Debug|Any CPU.Build.0 = Debug|Any CPU
		{B4240979-3EF5-45DC-855D-632193098CBD}.Release|Any CPU.ActiveCfg = Release|Any CPU
		{B4240979-3EF5-45DC-855D-632193098CBD}.Release|Any CPU.Build.0 = Release|Any CPU
	EndGlobalSection
	GlobalSection(SolutionProperties) = preSolution
		HideSolutionNode = FALSE
	EndGlobalSection
	GlobalSection(ExtensibilityGlobals) = postSolution
		SolutionGuid = {3D5807BC-940B-48D8-8621-19C1548C11E4}
	EndGlobalSection
EndGlobal
