
Microsoft Visual Studio Solution File, Format Version 12.00
# Visual Studio Version 17
VisualStudioVersion = 17.7.34024.191
MinimumVisualStudioVersion = 10.0.40219.1
Project("{FAE04EC0-301F-11D3-BF4B-00C04F79EFBC}") = "fájlkezeles", "fájlkezeles\fájlkezeles.csproj", "{D3D4677E-6C9F-493C-9C42-2F5CA23DFEA1}"
EndProject
Global
	GlobalSection(SolutionConfigurationPlatforms) = preSolution
		Debug|Any CPU = Debug|Any CPU
		Release|Any CPU = Release|Any CPU
	EndGlobalSection
	GlobalSection(ProjectConfigurationPlatforms) = postSolution
		{D3D4677E-6C9F-493C-9C42-2F5CA23DFEA1}.Debug|Any CPU.ActiveCfg = Debug|Any CPU
		{D3D4677E-6C9F-493C-9C42-2F5CA23DFEA1}.Debug|Any CPU.Build.0 = Debug|Any CPU
		{D3D4677E-6C9F-493C-9C42-2F5CA23DFEA1}.Release|Any CPU.ActiveCfg = Release|Any CPU
		{D3D4677E-6C9F-493C-9C42-2F5CA23DFEA1}.Release|Any CPU.Build.0 = Release|Any CPU
	EndGlobalSection
	GlobalSection(SolutionProperties) = preSolution
		HideSolutionNode = FALSE
	EndGlobalSection
	GlobalSection(ExtensibilityGlobals) = postSolution
		SolutionGuid = {797AD4D0-3D22-45AC-8B9A-F4144B3573EC}
	EndGlobalSection
EndGlobal
