
Microsoft Visual Studio Solution File, Format Version 12.00
# Visual Studio Version 16
VisualStudioVersion = 16.0.33927.289
MinimumVisualStudioVersion = 10.0.40219.1
Project("{FAE04EC0-301F-11D3-BF4B-00C04F79EFBC}") = "hf", "hf\hf.csproj", "{89E9AA3C-FB8A-4D9D-9F1B-6578320DF397}"
EndProject
Global
	GlobalSection(SolutionConfigurationPlatforms) = preSolution
		Debug|Any CPU = Debug|Any CPU
		Release|Any CPU = Release|Any CPU
	EndGlobalSection
	GlobalSection(ProjectConfigurationPlatforms) = postSolution
		{89E9AA3C-FB8A-4D9D-9F1B-6578320DF397}.Debug|Any CPU.ActiveCfg = Debug|Any CPU
		{89E9AA3C-FB8A-4D9D-9F1B-6578320DF397}.Debug|Any CPU.Build.0 = Debug|Any CPU
		{89E9AA3C-FB8A-4D9D-9F1B-6578320DF397}.Release|Any CPU.ActiveCfg = Release|Any CPU
		{89E9AA3C-FB8A-4D9D-9F1B-6578320DF397}.Release|Any CPU.Build.0 = Release|Any CPU
	EndGlobalSection
	GlobalSection(SolutionProperties) = preSolution
		HideSolutionNode = FALSE
	EndGlobalSection
	GlobalSection(ExtensibilityGlobals) = postSolution
		SolutionGuid = {640D97C9-F2AA-416D-82DA-8DF3D27ADFA4}
	EndGlobalSection
EndGlobal
